{
  "name": "baml",
  "version": "1.0.0",
  "lockfileVersion": 3,
  "requires": true,
  "packages": {
    "": {
      "name": "baml",
      "version": "1.0.0",
      "license": "ISC",
      "dependencies": {
        "@boundaryml/baml": "^0.73.5"
      }
    },
    "node_modules/@boundaryml/baml": {
      "version": "0.73.5",
      "resolved": "https://registry.npmjs.org/@boundaryml/baml/-/baml-0.73.5.tgz",
      "integrity": "sha512-OeqQK0egbrLHteq6gm6rQqpSwamneyUMfmZ5gE/5tPGN/jpQobPIws4PwkcTXl9nxZv6L24qzodP7J4vw+g4+w==",
      "license": "MIT",
      "dependencies": {
        "@scarf/scarf": "^1.3.0"
      },
      "bin": {
        "baml-cli": "cli.js"
      },
      "engines": {
        "node": ">= 10"
      },
      "optionalDependencies": {
        "@boundaryml/baml-darwin-arm64": "0.73.5",
        "@boundaryml/baml-darwin-x64": "0.73.5",
        "@boundaryml/baml-linux-arm64-gnu": "0.73.5",
        "@boundaryml/baml-linux-arm64-musl": "0.73.5",
        "@boundaryml/baml-linux-x64-gnu": "0.73.5",
        "@boundaryml/baml-linux-x64-musl": "0.73.5",
        "@boundaryml/baml-win32-x64-msvc": "0.73.5"
      }
    },
    "node_modules/@boundaryml/baml-darwin-arm64": {
      "version": "0.73.5",
      "resolved": "https://registry.npmjs.org/@boundaryml/baml-darwin-arm64/-/baml-darwin-arm64-0.73.5.tgz",
      "integrity": "sha512-oOYMsPTpbzERF7ws6XJ8xWyaMDlBMKdTNCtzQIUBjDki5a9gZ5NhSQEJQaOaErOg0lOWYzWL2gzS/1/AScIizA==",
      "cpu": [
        "arm64"
      ],
      "license": "MIT",
      "optional": true,
      "os": [
        "darwin"
      ],
      "engines": {
        "node": ">= 10"
      }
    },
    "node_modules/@boundaryml/baml-darwin-x64": {
      "version": "0.73.5",
      "resolved": "https://registry.npmjs.org/@boundaryml/baml-darwin-x64/-/baml-darwin-x64-0.73.5.tgz",
      "integrity": "sha512-ysUzNfPXhNysZuNFDEkikpkw4bwRA0jqm3i+RUOpFKZ1FmzyPQN6FRsHf/RsiDGEn8m6eQPS6q9O/p28IxyMRQ==",
      "cpu": [
        "x64"
      ],
      "license": "MIT",
      "optional": true,
      "os": [
        "darwin"
      ],
      "engines": {
        "node": ">= 10"
      }
    },
    "node_modules/@boundaryml/baml-linux-arm64-gnu": {
      "version": "0.73.5",
      "resolved": "https://registry.npmjs.org/@boundaryml/baml-linux-arm64-gnu/-/baml-linux-arm64-gnu-0.73.5.tgz",
      "integrity": "sha512-LZqFk25X46U173TKUBv5CHpzowuP/21dZ4Sd2xOrsc8L6Y88auC7duW9TtJ6lVxt2rKUgdakI0X4n8yy/pL0bA==",
      "cpu": [
        "arm64"
      ],
      "license": "MIT",
      "optional": true,
      "os": [
        "linux"
      ],
      "engines": {
        "node": ">= 10"
      }
    },
    "node_modules/@boundaryml/baml-linux-arm64-musl": {
      "version": "0.73.5",
      "resolved": "https://registry.npmjs.org/@boundaryml/baml-linux-arm64-musl/-/baml-linux-arm64-musl-0.73.5.tgz",
      "integrity": "sha512-rQfJsrfn+ST0c+cN6kueOo9Bd5/T1pUMOm68szD6Q0d8oJGcPJ9PGlR8d1LaZv2Aqp4/ZZrBQnqiYnuQODhexA==",
      "cpu": [
        "arm64"
      ],
      "license": "MIT",
      "optional": true,
      "os": [
        "linux"
      ],
      "engines": {
        "node": ">= 10"
      }
    },
    "node_modules/@boundaryml/baml-linux-x64-gnu": {
      "version": "0.73.5",
      "resolved": "https://registry.npmjs.org/@boundaryml/baml-linux-x64-gnu/-/baml-linux-x64-gnu-0.73.5.tgz",
      "integrity": "sha512-VegCo4x/PYVytlcD6j5Jg2f4BcCX12qE6ekn+pMyNDDV3sSKQhYVszvLj8/77HWlqx3HUCZpgs3Y/zU8WU+zag==",
      "cpu": [
        "x64"
      ],
      "license": "MIT",
      "optional": true,
      "os": [
        "linux"
      ],
      "engines": {
        "node": ">= 10"
      }
    },
    "node_modules/@boundaryml/baml-linux-x64-musl": {
      "version": "0.73.5",
      "resolved": "https://registry.npmjs.org/@boundaryml/baml-linux-x64-musl/-/baml-linux-x64-musl-0.73.5.tgz",
      "integrity": "sha512-D7QCf/vh3WpM6EXgjEVSIHqbLQbMIGMRuAeo+MF1Tke/TKkMANZs6L+MDbRENWcrjpo82zdMaiPeECGmjK3MwQ==",
      "cpu": [
        "x64"
      ],
      "license": "MIT",
      "optional": true,
      "os": [
        "linux"
      ],
      "engines": {
        "node": ">= 10"
      }
    },
    "node_modules/@boundaryml/baml-win32-x64-msvc": {
      "version": "0.73.5",
      "resolved": "https://registry.npmjs.org/@boundaryml/baml-win32-x64-msvc/-/baml-win32-x64-msvc-0.73.5.tgz",
      "integrity": "sha512-6eyAomws5zs2NFhoX53yEMJ3NsyyZtPnpjI1rNMgoJjJ8MmCB6+8WDN4cYivCaPqTciYFXQhEuBYi3NLkL4Exw==",
      "cpu": [
        "x64"
      ],
      "license": "MIT",
      "optional": true,
      "os": [
        "win32"
      ],
      "engines": {
        "node": ">= 10"
      }
    },
    "node_modules/@scarf/scarf": {
      "version": "1.4.0",
      "resolved": "https://registry.npmjs.org/@scarf/scarf/-/scarf-1.4.0.tgz",
      "integrity": "sha512-xxeapPiUXdZAE3che6f3xogoJPeZgig6omHEy1rIY5WVsB3H2BHNnZH+gHG6x91SCWyQCzWGsuL2Hh3ClO5/qQ==",
      "hasInstallScript": true,
      "license": "Apache-2.0"
    }
  }
}
